{
  "version": 4,
  "terraform_version": "1.15.8",
  "serial": 1,
  "lineage": "38c86476-3bc8-0ff0-f9ba-18994eba224f",
  "outputs": {},
  "resources": [
    {
      "mode": "data",
      "type": "azurerm_client_config",
      "name": "current",
      "provider": "provider[\"registry.terraform.io/hashicorp/azurerm\"]",
      "instances": [
        {
          "schema_version": 0,
          "attributes": {
            "client_id": "04b07795-8ddb-461a-bbee-02f9e1bf7b46",
            "id": "Y2xpZW50Q29uZmlncy9jbGllbnRJZD0wNGIwNzc5NS04ZGRiLTQ2MWEtYmJlZS0wMmY5ZTFiZjdiNDY7b2JqZWN0SWQ9MWIxOGRhMmQtODhjMy00ODg4LWI4N2QtYTllNWIxOGVmY2M1O3N1YnNjcmlwdGlvbklkPTc0ZWEyN2I0LWFhNGEtNGY4OS1iMTBmLTdjNzFmYTVmMTlhOTt0ZW5hbnRJZD05NjM5YmNmMi0wZWRmLTRkM2EtOTBmNi1jZWExMjBiYThmMDM=",
            "object_id": "1b18da2d-88c3-4888-b87d-a9e5b18efcc5",
            "subscription_id": "74ea27b4-aa4a-4f89-b10f-7c71fa5f19a9",
            "tenant_id": "9639bcf2-0edf-4d3a-90f6-cea120ba8f03",
            "timeouts": null
          },
          "sensitive_attributes": [],
          "identity_schema_version": 0
        }
      ]
    },
    {
      "mode": "managed",
      "type": "azurerm_resource_group",
      "name": "rg",
      "provider": "provider[\"registry.terraform.io/hashicorp/azurerm\"]",
      "instances": [
        {
          "schema_version": 0,
          "attributes": {
            "id": "/subscriptions/74ea27b4-aa4a-4f89-b10f-7c71fa5f19a9/resourceGroups/RG-keyvault-demo",
            "location": "centralindia",
            "managed_by": "",
            "name": "RG-keyvault-demo",
            "tags": null,
            "timeouts": null
          },
          "sensitive_attributes": [],
          "identity_schema_version": 0,
          "identity": {
            "name": "RG-keyvault-demo",
            "subscription_id": "74ea27b4-aa4a-4f89-b10f-7c71fa5f19a9"
          },
          "private": "eyJlMmJmYjczMC1lY2FhLTExZTYtOGY4OC0zNDM2M2JjN2M0YzAiOnsiY3JlYXRlIjo1NDAwMDAwMDAwMDAwLCJkZWxldGUiOjU0MDAwMDAwMDAwMDAsInJlYWQiOjMwMDAwMDAwMDAwMCwidXBkYXRlIjo1NDAwMDAwMDAwMDAwfX0="
        }
      ]
    }
  ],
  "check_results": null
}
